{
  "requires": true,
  "lockfileVersion": 1,
  "dependencies": {
    "slider-pro": {
      "version": "1.5.0",
      "resolved": "https://registry.npmjs.org/slider-pro/-/slider-pro-1.5.0.tgz",
      "integrity": "sha512-uzsQdZecJ5a33MXvxIo4nvhkYtmRZhaxXDbTl/FIJxPkApriZF/kAV51PI15i2YocxWERei27VjvP12OST2srg=="
    }
  }
}
